{
  "requires": true,
  "lockfileVersion": 1,
  "dependencies": {
    "@ng-select/ng-select": {
      "version": "3.6.0",
      "resolved": "https://registry.npmjs.org/@ng-select/ng-select/-/ng-select-3.6.0.tgz",
      "integrity": "sha512-8dJN9n61SVbTnfOl77feLkH3m9qBqiGGjiffHSO2u7fHo5ziJFtXnoEyv84C3hW8P2g6KoqA0mBA+OgchefZ9Q==",
      "requires": {
        "tslib": "^1.9.0"
      }
    },
    "tslib": {
      "version": "1.10.0",
      "resolved": "https://registry.npmjs.org/tslib/-/tslib-1.10.0.tgz",
      "integrity": "sha512-qOebF53frne81cf0S9B41ByenJ3/IuH8yJKngAX35CmiZySA0khhkovshKK+jGCaMnVomla7gVlIcc3EvKPbTQ=="
    }
  }
}
